
Microsoft Visual Studio Solution File, Format Version 12.00
# Visual Studio Version 17
VisualStudioVersion = 17.0.31903.59
MinimumVisualStudioVersion = 10.0.40219.1
Project("{2150E333-8FDC-42A3-9474-1A3956D46DE8}") = "src", "src", "{827E0CD3-B72D-47B6-A68D-7590B98EB39B}"
EndProject
Project("{FAE04EC0-301F-11D3-BF4B-00C04F79EFBC}") = "VersePress.Web", "src\VersePress.Web\VersePress.Web.csproj", "{F661A56C-5463-4D25-9BD5-583C6C1F3436}"
EndProject
Project("{FAE04EC0-301F-11D3-BF4B-00C04F79EFBC}") = "VersePress.Application", "src\VersePress.Application\VersePress.Application.csproj", "{551C1E5E-2D1E-49F7-A8C1-FC8AADB50C46}"
EndProject
Project("{FAE04EC0-301F-11D3-BF4B-00C04F79EFBC}") = "VersePress.Domain", "src\VersePress.Domain\VersePress.Domain.csproj", "{4F329277-EC4E-4EA4-B426-E063FF2C1281}"
EndProject
Project("{FAE04EC0-301F-11D3-BF4B-00C04F79EFBC}") = "VersePress.Infrastructure", "src\VersePress.Infrastructure\VersePress.Infrastructure.csproj", "{FFADC395-A628-490F-80AA-59845ED9D083}"
EndProject
Project("{FAE04EC0-301F-11D3-BF4B-00C04F79EFBC}") = "VersePress.Persistence", "src\VersePress.Persistence\VersePress.Persistence.csproj", "{74FCC59E-5CB3-44E7-83C9-2CC6EE99C176}"
EndProject
Project("{2150E333-8FDC-42A3-9474-1A3956D46DE8}") = "tests", "tests", "{0AB3BF05-4346-4AA6-1389-037BE0695223}"
EndProject
Project("{FAE04EC0-301F-11D3-BF4B-00C04F79EFBC}") = "VersePress.Tests", "tests\VersePress.Tests\VersePress.Tests.csproj", "{AD43070F-B463-4B86-9A30-DB0F781D340E}"
EndProject
Global
	GlobalSection(SolutionConfigurationPlatforms) = preSolution
		Debug|Any CPU = Debug|Any CPU
		Debug|x64 = Debug|x64
		Debug|x86 = Debug|x86
		Release|Any CPU = Release|Any CPU
		Release|x64 = Release|x64
		Release|x86 = Release|x86
	EndGlobalSection
	GlobalSection(ProjectConfigurationPlatforms) = postSolution
		{F661A56C-5463-4D25-9BD5-583C6C1F3436}.Debug|Any CPU.ActiveCfg = Debug|Any CPU
		{F661A56C-5463-4D25-9BD5-583C6C1F3436}.Debug|Any CPU.Build.0 = Debug|Any CPU
		{F661A56C-5463-4D25-9BD5-583C6C1F3436}.Debug|x64.ActiveCfg = Debug|Any CPU
		{F661A56C-5463-4D25-9BD5-583C6C1F3436}.Debug|x64.Build.0 = Debug|Any CPU
		{F661A56C-5463-4D25-9BD5-583C6C1F3436}.Debug|x86.ActiveCfg = Debug|Any CPU
		{F661A56C-5463-4D25-9BD5-583C6C1F3436}.Debug|x86.Build.0 = Debug|Any CPU
		{F661A56C-5463-4D25-9BD5-583C6C1F3436}.Release|Any CPU.ActiveCfg = Release|Any CPU
		{F661A56C-5463-4D25-9BD5-583C6C1F3436}.Release|Any CPU.Build.0 = Release|Any CPU
		{F661A56C-5463-4D25-9BD5-583C6C1F3436}.Release|x64.ActiveCfg = Release|Any CPU
		{F661A56C-5463-4D25-9BD5-583C6C1F3436}.Release|x64.Build.0 = Release|Any CPU
		{F661A56C-5463-4D25-9BD5-583C6C1F3436}.Release|x86.ActiveCfg = Release|Any CPU
		{F661A56C-5463-4D25-9BD5-583C6C1F3436}.Release|x86.Build.0 = Release|Any CPU
		{551C1E5E-2D1E-49F7-A8C1-FC8AADB50C46}.Debug|Any CPU.ActiveCfg = Debug|Any CPU
		{551C1E5E-2D1E-49F7-A8C1-FC8AADB50C46}.Debug|Any CPU.Build.0 = Debug|Any CPU
		{551C1E5E-2D1E-49F7-A8C1-FC8AADB50C46}.Debug|x64.ActiveCfg = Debug|Any CPU
		{551C1E5E-2D1E-49F7-A8C1-FC8AADB50C46}.Debug|x64.Build.0 = Debug|Any CPU
		{551C1E5E-2D1E-49F7-A8C1-FC8AADB50C46}.Debug|x86.ActiveCfg = Debug|Any CPU
		{551C1E5E-2D1E-49F7-A8C1-FC8AADB50C46}.Debug|x86.Build.0 = Debug|Any CPU
		{551C1E5E-2D1E-49F7-A8C1-FC8AADB50C46}.Release|Any CPU.ActiveCfg = Release|Any CPU
		{551C1E5E-2D1E-49F7-A8C1-FC8AADB50C46}.Release|Any CPU.Build.0 = Release|Any CPU
		{551C1E5E-2D1E-49F7-A8C1-FC8AADB50C46}.Release|x64.ActiveCfg = Release|Any CPU
		{551C1E5E-2D1E-49F7-A8C1-FC8AADB50C46}.Release|x64.Build.0 = Release|Any CPU
		{551C1E5E-2D1E-49F7-A8C1-FC8AADB50C46}.Release|x86.ActiveCfg = Release|Any CPU
		{551C1E5E-2D1E-49F7-A8C1-FC8AADB50C46}.Release|x86.Build.0 = Release|Any CPU
		{4F329277-EC4E-4EA4-B426-E063FF2C1281}.Debug|Any CPU.ActiveCfg = Debug|Any CPU
		{4F329277-EC4E-4EA4-B426-E063FF2C1281}.Debug|Any CPU.Build.0 = Debug|Any CPU
		{4F329277-EC4E-4EA4-B426-E063FF2C1281}.Debug|x64.ActiveCfg = Debug|Any CPU
		{4F329277-EC4E-4EA4-B426-E063FF2C1281}.Debug|x64.Build.0 = Debug|Any CPU
		{4F329277-EC4E-4EA4-B426-E063FF2C1281}.Debug|x86.ActiveCfg = Debug|Any CPU
		{4F329277-EC4E-4EA4-B426-E063FF2C1281}.Debug|x86.Build.0 = Debug|Any CPU
		{4F329277-EC4E-4EA4-B426-E063FF2C1281}.Release|Any CPU.ActiveCfg = Release|Any CPU
		{4F329277-EC4E-4EA4-B426-E063FF2C1281}.Release|Any CPU.Build.0 = Release|Any CPU
		{4F329277-EC4E-4EA4-B426-E063FF2C1281}.Release|x64.ActiveCfg = Release|Any CPU
		{4F329277-EC4E-4EA4-B426-E063FF2C1281}.Release|x64.Build.0 = Release|Any CPU
		{4F329277-EC4E-4EA4-B426-E063FF2C1281}.Release|x86.ActiveCfg = Release|Any CPU
		{4F329277-EC4E-4EA4-B426-E063FF2C1281}.Release|x86.Build.0 = Release|Any CPU
		{FFADC395-A628-490F-80AA-59845ED9D083}.Debug|Any CPU.ActiveCfg = Debug|Any CPU
		{FFADC395-A628-490F-80AA-59845ED9D083}.Debug|Any CPU.Build.0 = Debug|Any CPU
		{FFADC395-A628-490F-80AA-59845ED9D083}.Debug|x64.ActiveCfg = Debug|Any CPU
		{FFADC395-A628-490F-80AA-59845ED9D083}.Debug|x64.Build.0 = Debug|Any CPU
		{FFADC395-A628-490F-80AA-59845ED9D083}.Debug|x86.ActiveCfg = Debug|Any CPU
		{FFADC395-A628-490F-80AA-59845ED9D083}.Debug|x86.Build.0 = Debug|Any CPU
		{FFADC395-A628-490F-80AA-59845ED9D083}.Release|Any CPU.ActiveCfg = Release|Any CPU
		{FFADC395-A628-490F-80AA-59845ED9D083}.Release|Any CPU.Build.0 = Release|Any CPU
		{FFADC395-A628-490F-80AA-59845ED9D083}.Release|x64.ActiveCfg = Release|Any CPU
		{FFADC395-A628-490F-80AA-59845ED9D083}.Release|x64.Build.0 = Release|Any CPU
		{FFADC395-A628-490F-80AA-59845ED9D083}.Release|x86.ActiveCfg = Release|Any CPU
		{FFADC395-A628-490F-80AA-59845ED9D083}.Release|x86.Build.0 = Release|Any CPU
		{74FCC59E-5CB3-44E7-83C9-2CC6EE99C176}.Debug|Any CPU.ActiveCfg = Debug|Any CPU
		{74FCC59E-5CB3-44E7-83C9-2CC6EE99C176}.Debug|Any CPU.Build.0 = Debug|Any CPU
		{74FCC59E-5CB3-44E7-83C9-2CC6EE99C176}.Debug|x64.ActiveCfg = Debug|Any CPU
		{74FCC59E-5CB3-44E7-83C9-2CC6EE99C176}.Debug|x64.Build.0 = Debug|Any CPU
		{74FCC59E-5CB3-44E7-83C9-2CC6EE99C176}.Debug|x86.ActiveCfg = Debug|Any CPU
		{74FCC59E-5CB3-44E7-83C9-2CC6EE99C176}.Debug|x86.Build.0 = Debug|Any CPU
		{74FCC59E-5CB3-44E7-83C9-2CC6EE99C176}.Release|Any CPU.ActiveCfg = Release|Any CPU
		{74FCC59E-5CB3-44E7-83C9-2CC6EE99C176}.Release|Any CPU.Build.0 = Release|Any CPU
		{74FCC59E-5CB3-44E7-83C9-2CC6EE99C176}.Release|x64.ActiveCfg = Release|Any CPU
		{74FCC59E-5CB3-44E7-83C9-2CC6EE99C176}.Release|x64.Build.0 = Release|Any CPU
		{74FCC59E-5CB3-44E7-83C9-2CC6EE99C176}.Release|x86.ActiveCfg = Release|Any CPU
		{74FCC59E-5CB3-44E7-83C9-2CC6EE99C176}.Release|x86.Build.0 = Release|Any CPU
		{AD43070F-B463-4B86-9A30-DB0F781D340E}.Debug|Any CPU.ActiveCfg = Debug|Any CPU
		{AD43070F-B463-4B86-9A30-DB0F781D340E}.Debug|Any CPU.Build.0 = Debug|Any CPU
		{AD43070F-B463-4B86-9A30-DB0F781D340E}.Debug|x64.ActiveCfg = Debug|Any CPU
		{AD43070F-B463-4B86-9A30-DB0F781D340E}.Debug|x64.Build.0 = Debug|Any CPU
		{AD43070F-B463-4B86-9A30-DB0F781D340E}.Debug|x86.ActiveCfg = Debug|Any CPU
		{AD43070F-B463-4B86-9A30-DB0F781D340E}.Debug|x86.Build.0 = Debug|Any CPU
		{AD43070F-B463-4B86-9A30-DB0F781D340E}.Release|Any CPU.ActiveCfg = Release|Any CPU
		{AD43070F-B463-4B86-9A30-DB0F781D340E}.Release|Any CPU.Build.0 = Release|Any CPU
		{AD43070F-B463-4B86-9A30-DB0F781D340E}.Release|x64.ActiveCfg = Release|Any CPU
		{AD43070F-B463-4B86-9A30-DB0F781D340E}.Release|x64.Build.0 = Release|Any CPU
		{AD43070F-B463-4B86-9A30-DB0F781D340E}.Release|x86.ActiveCfg = Release|Any CPU
		{AD43070F-B463-4B86-9A30-DB0F781D340E}.Release|x86.Build.0 = Release|Any CPU
	EndGlobalSection
	GlobalSection(SolutionProperties) = preSolution
		HideSolutionNode = FALSE
	EndGlobalSection
	GlobalSection(NestedProjects) = preSolution
		{F661A56C-5463-4D25-9BD5-583C6C1F3436} = {827E0CD3-B72D-47B6-A68D-7590B98EB39B}
		{551C1E5E-2D1E-49F7-A8C1-FC8AADB50C46} = {827E0CD3-B72D-47B6-A68D-7590B98EB39B}
		{4F329277-EC4E-4EA4-B426-E063FF2C1281} = {827E0CD3-B72D-47B6-A68D-7590B98EB39B}
		{FFADC395-A628-490F-80AA-59845ED9D083} = {827E0CD3-B72D-47B6-A68D-7590B98EB39B}
		{74FCC59E-5CB3-44E7-83C9-2CC6EE99C176} = {827E0CD3-B72D-47B6-A68D-7590B98EB39B}
		{AD43070F-B463-4B86-9A30-DB0F781D340E} = {0AB3BF05-4346-4AA6-1389-037BE0695223}
	EndGlobalSection
EndGlobal
